
Microsoft Visual Studio Solution File, Format Version 12.00
# Visual Studio 15
VisualStudioVersion = 15.0.28307.106
MinimumVisualStudioVersion = 10.0.40219.1
Project("{9A19103F-16F7-4668-BE54-9A1E7A4F7556}") = "dotnetcore-webapi", "dotnetcore-webapi\dotnetcore-webapi.csproj", "{DF3C2B64-2EFC-4527-A541-0FDD8B2EFD9F}"
EndProject
Project("{9A19103F-16F7-4668-BE54-9A1E7A4F7556}") = "api-gateway", "api-gateway\api-gateway.csproj", "{560AE79D-86D2-45EC-8E36-8959A806F193}"
EndProject
Global
	GlobalSection(SolutionConfigurationPlatforms) = preSolution
		Debug|Any CPU = Debug|Any CPU
		Release|Any CPU = Release|Any CPU
	EndGlobalSection
	GlobalSection(ProjectConfigurationPlatforms) = postSolution
		{DF3C2B64-2EFC-4527-A541-0FDD8B2EFD9F}.Debug|Any CPU.ActiveCfg = Debug|Any CPU
		{DF3C2B64-2EFC-4527-A541-0FDD8B2EFD9F}.Debug|Any CPU.Build.0 = Debug|Any CPU
		{DF3C2B64-2EFC-4527-A541-0FDD8B2EFD9F}.Release|Any CPU.ActiveCfg = Release|Any CPU
		{DF3C2B64-2EFC-4527-A541-0FDD8B2EFD9F}.Release|Any CPU.Build.0 = Release|Any CPU
		{560AE79D-86D2-45EC-8E36-8959A806F193}.Debug|Any CPU.ActiveCfg = Debug|Any CPU
		{560AE79D-86D2-45EC-8E36-8959A806F193}.Debug|Any CPU.Build.0 = Debug|Any CPU
		{560AE79D-86D2-45EC-8E36-8959A806F193}.Release|Any CPU.ActiveCfg = Release|Any CPU
		{560AE79D-86D2-45EC-8E36-8959A806F193}.Release|Any CPU.Build.0 = Release|Any CPU
	EndGlobalSection
	GlobalSection(SolutionProperties) = preSolution
		HideSolutionNode = FALSE
	EndGlobalSection
	GlobalSection(ExtensibilityGlobals) = postSolution
		SolutionGuid = {E9032968-AF3F-46EC-867A-AC200326F949}
	EndGlobalSection
EndGlobal
